// !$*UTF8*$!
{
	archiveVersion = 1;
	classes = {
	};
	objectVersion = 51;
	objects = {

/* Begin PBXBuildFile section */
		D5030219229AB9C50007F527 /* ProductTemplate.swift in Sources */ = {isa = PBXBuildFile; fileRef = D5030218229AB9C50007F527 /* ProductTemplate.swift */; };
		D503021C229ABC1C0007F527 /* ProductsManager.swift in Sources */ = {isa = PBXBuildFile; fileRef = D503021B229ABC1C0007F527 /* ProductsManager.swift */; };
		D5030221229AEF510007F527 /* ScannerViewController.swift in Sources */ = {isa = PBXBuildFile; fileRef = D5030220229AEF510007F527 /* ScannerViewController.swift */; };
		D5030227229AF4640007F527 /* EAN13Generator.swift in Sources */ = {isa = PBXBuildFile; fileRef = D5030226229AF4640007F527 /* EAN13Generator.swift */; };
		D50568E72291A0BE009500E9 /* UIScrollView+Extensions.swift in Sources */ = {isa = PBXBuildFile; fileRef = D50568E62291A0BE009500E9 /* UIScrollView+Extensions.swift */; };
		D5117CDC2292D1E3009099C2 /* UIApplication+Extensions.swift in Sources */ = {isa = PBXBuildFile; fileRef = D5117CDB2292D1E2009099C2 /* UIApplication+Extensions.swift */; };
		D5117CF1229338C5009099C2 /* Router.swift in Sources */ = {isa = PBXBuildFile; fileRef = D5117CF0229338C4009099C2 /* Router.swift */; };
		D5117E0322934436009099C2 /* DatePickerViewController.swift in Sources */ = {isa = PBXBuildFile; fileRef = D5117E0222934436009099C2 /* DatePickerViewController.swift */; };
		D5117E07229344A6009099C2 /* UIAlertController+DatePicker.swift in Sources */ = {isa = PBXBuildFile; fileRef = D5117E06229344A5009099C2 /* UIAlertController+DatePicker.swift */; };
		D5117E092293452F009099C2 /* UIView+DatePicker.swift in Sources */ = {isa = PBXBuildFile; fileRef = D5117E082293452F009099C2 /* UIView+DatePicker.swift */; };
		D5117E0B2293481E009099C2 /* Keyboard.swift in Sources */ = {isa = PBXBuildFile; fileRef = D5117E0A2293481E009099C2 /* Keyboard.swift */; };
		D526A127229AA55600C4DCA2 /* Date+Extensions.swift in Sources */ = {isa = PBXBuildFile; fileRef = D526A126229AA55600C4DCA2 /* Date+Extensions.swift */; };
		D526A12B229AAA6000C4DCA2 /* LabelWithActons.swift in Sources */ = {isa = PBXBuildFile; fileRef = D526A12A229AAA5F00C4DCA2 /* LabelWithActons.swift */; };
		D54744B82479BD0F00127B27 /* GroupVC.swift in Sources */ = {isa = PBXBuildFile; fileRef = D5CB802F2479AB0B0010E28C /* GroupVC.swift */; };
		D54744BA2479C66000127B27 /* NotificationsManager.swift in Sources */ = {isa = PBXBuildFile; fileRef = D54744B92479C66000127B27 /* NotificationsManager.swift */; };
		D569459022900EC800340161 /* TabBarController.swift in Sources */ = {isa = PBXBuildFile; fileRef = D569458F22900EC800340161 /* TabBarController.swift */; };
		D569459322900F1D00340161 /* TabBar.swift in Sources */ = {isa = PBXBuildFile; fileRef = D569459222900F1D00340161 /* TabBar.swift */; };
		D56945952290109300340161 /* String+Extensions.swift in Sources */ = {isa = PBXBuildFile; fileRef = D56945942290109300340161 /* String+Extensions.swift */; };
		D569459B229013C500340161 /* ProductDetailsVC.swift in Sources */ = {isa = PBXBuildFile; fileRef = D569459A229013C500340161 /* ProductDetailsVC.swift */; };
		D569459D229013CF00340161 /* ProductDetailsVC.storyboard in Resources */ = {isa = PBXBuildFile; fileRef = D569459C229013CF00340161 /* ProductDetailsVC.storyboard */; };
		D569459F2290146200340161 /* UIView+Extensions.swift in Sources */ = {isa = PBXBuildFile; fileRef = D569459E2290146200340161 /* UIView+Extensions.swift */; };
		D56945A1229025D800340161 /* UIColor+AppTheme.swift in Sources */ = {isa = PBXBuildFile; fileRef = D56945A0229025D800340161 /* UIColor+AppTheme.swift */; };
		D56945A32290273000340161 /* UIColor+Extensions.swift in Sources */ = {isa = PBXBuildFile; fileRef = D56945A22290273000340161 /* UIColor+Extensions.swift */; };
		D56945A722902F6700340161 /* AddProductsVC.swift in Sources */ = {isa = PBXBuildFile; fileRef = D56945A622902F6700340161 /* AddProductsVC.swift */; };
		D56945A922902F8900340161 /* AddProductsVC.storyboard in Resources */ = {isa = PBXBuildFile; fileRef = D56945A822902F8900340161 /* AddProductsVC.storyboard */; };
		D56945AB229031C700340161 /* ButtonWithAnimate.swift in Sources */ = {isa = PBXBuildFile; fileRef = D56945AA229031C700340161 /* ButtonWithAnimate.swift */; };
		D56945AD2290326B00340161 /* ColoredButton.swift in Sources */ = {isa = PBXBuildFile; fileRef = D56945AC2290326B00340161 /* ColoredButton.swift */; };
		D56945B0229037AB00340161 /* NewProductTableCell.swift in Sources */ = {isa = PBXBuildFile; fileRef = D56945AF229037AB00340161 /* NewProductTableCell.swift */; };
		D56945B2229037B500340161 /* NewProductTableCell.xib in Resources */ = {isa = PBXBuildFile; fileRef = D56945B1229037B500340161 /* NewProductTableCell.xib */; };
		D56945B422903E4600340161 /* UITableView+Extensions.swift in Sources */ = {isa = PBXBuildFile; fileRef = D56945B322903E4600340161 /* UITableView+Extensions.swift */; };
		D5A1426B228EA93E00DB3D53 /* AppDelegate.swift in Sources */ = {isa = PBXBuildFile; fileRef = D5A1426A228EA93E00DB3D53 /* AppDelegate.swift */; };
		D5A1426D228EA93E00DB3D53 /* ViewController.swift in Sources */ = {isa = PBXBuildFile; fileRef = D5A1426C228EA93E00DB3D53 /* ViewController.swift */; };
		D5A14272228EA93F00DB3D53 /* Assets.xcassets in Resources */ = {isa = PBXBuildFile; fileRef = D5A14271228EA93F00DB3D53 /* Assets.xcassets */; };
		D5A14275228EA93F00DB3D53 /* LaunchScreen.storyboard in Resources */ = {isa = PBXBuildFile; fileRef = D5A14273228EA93F00DB3D53 /* LaunchScreen.storyboard */; };
		D5A14283228EA99300DB3D53 /* ProductsVC.swift in Sources */ = {isa = PBXBuildFile; fileRef = D5A14282228EA99300DB3D53 /* ProductsVC.swift */; };
		D5A14285228EA99A00DB3D53 /* ProductsVC.storyboard in Resources */ = {isa = PBXBuildFile; fileRef = D5A14284228EA99A00DB3D53 /* ProductsVC.storyboard */; };
		D5A14288228EA9CB00DB3D53 /* UIViewController+Extensions.swift in Sources */ = {isa = PBXBuildFile; fileRef = D5A14287228EA9CB00DB3D53 /* UIViewController+Extensions.swift */; };
		D5A1428A228EA9F700DB3D53 /* LaunchRouter.swift in Sources */ = {isa = PBXBuildFile; fileRef = D5A14289228EA9F700DB3D53 /* LaunchRouter.swift */; };
		D5A1428E228EAAF000DB3D53 /* BaseVC.swift in Sources */ = {isa = PBXBuildFile; fileRef = D5A1428D228EAAF000DB3D53 /* BaseVC.swift */; };
		D5A14297228EACEA00DB3D53 /* ProductCollectionCell.swift in Sources */ = {isa = PBXBuildFile; fileRef = D5A14296228EACEA00DB3D53 /* ProductCollectionCell.swift */; };
		D5A1429A228EAD0900DB3D53 /* Product.swift in Sources */ = {isa = PBXBuildFile; fileRef = D5A14299228EAD0900DB3D53 /* Product.swift */; };
		D5A1429C228EAD3D00DB3D53 /* ProductCollectionCell.xib in Resources */ = {isa = PBXBuildFile; fileRef = D5A1429B228EAD3D00DB3D53 /* ProductCollectionCell.xib */; };
		D5A142A0228EB10F00DB3D53 /* UICollectionView+Extensions.swift in Sources */ = {isa = PBXBuildFile; fileRef = D5A1429F228EB10F00DB3D53 /* UICollectionView+Extensions.swift */; };
		D5CB800424784A590010E28C /* Pods_MyFridge.framework in Frameworks */ = {isa = PBXBuildFile; fileRef = 04FD6FF743C198B08CC1C4AB /* Pods_MyFridge.framework */; };
		D5CB800524784A590010E28C /* Pods_MyFridge.framework in Embed Frameworks */ = {isa = PBXBuildFile; fileRef = 04FD6FF743C198B08CC1C4AB /* Pods_MyFridge.framework */; settings = {ATTRIBUTES = (CodeSignOnCopy, RemoveHeadersOnCopy, ); }; };
		D5CB80082479142F0010E28C /* GoogleService-Info.plist in Resources */ = {isa = PBXBuildFile; fileRef = D5CB80072479142F0010E28C /* GoogleService-Info.plist */; };
		D5CB800A247915280010E28C /* FirebaseStorage.swift in Sources */ = {isa = PBXBuildFile; fileRef = D5CB8009247915280010E28C /* FirebaseStorage.swift */; };
		D5CB800C24797D4F0010E28C /* GroupManager.swift in Sources */ = {isa = PBXBuildFile; fileRef = D5CB800B24797D4F0010E28C /* GroupManager.swift */; };
		D5CB800F247989520010E28C /* FirebaseDatabase.swift in Sources */ = {isa = PBXBuildFile; fileRef = D5CB800E247989510010E28C /* FirebaseDatabase.swift */; };
		D5CB802224798C170010E28C /* APIRequesting.swift in Sources */ = {isa = PBXBuildFile; fileRef = D5CB801624798C170010E28C /* APIRequesting.swift */; };
		D5CB802324798C170010E28C /* ConnectionChecking.swift in Sources */ = {isa = PBXBuildFile; fileRef = D5CB801724798C170010E28C /* ConnectionChecking.swift */; };
		D5CB802424798C170010E28C /* API.swift in Sources */ = {isa = PBXBuildFile; fileRef = D5CB801824798C170010E28C /* API.swift */; };
		D5CB802924798C5C0010E28C /* Logger.swift in Sources */ = {isa = PBXBuildFile; fileRef = D5CB802824798C5B0010E28C /* Logger.swift */; };
		D5CB802B24798C940010E28C /* API+Products.swift in Sources */ = {isa = PBXBuildFile; fileRef = D5CB802A24798C940010E28C /* API+Products.swift */; };
		D5CB802D2479A0140010E28C /* API+Templates.swift in Sources */ = {isa = PBXBuildFile; fileRef = D5CB802C2479A0140010E28C /* API+Templates.swift */; };
		D5CB80322479AB290010E28C /* GroupVC.storyboard in Resources */ = {isa = PBXBuildFile; fileRef = D5CB80312479AB290010E28C /* GroupVC.storyboard */; };
/* End PBXBuildFile section */

/* Begin PBXCopyFilesBuildPhase section */
		D5CB800624784A590010E28C /* Embed Frameworks */ = {
			isa = PBXCopyFilesBuildPhase;
			buildActionMask = 2147483647;
			dstPath = "";
			dstSubfolderSpec = 10;
			files = (
				D5CB800524784A590010E28C /* Pods_MyFridge.framework in Embed Frameworks */,
			);
			name = "Embed Frameworks";
			runOnlyForDeploymentPostprocessing = 0;
		};
/* End PBXCopyFilesBuildPhase section */

/* Begin PBXFileReference section */
		04FD6FF743C198B08CC1C4AB /* Pods_MyFridge.framework */ = {isa = PBXFileReference; explicitFileType = wrapper.framework; includeInIndex = 0; path = Pods_MyFridge.framework; sourceTree = BUILT_PRODUCTS_DIR; };
		7A07995CD6D1FC417F234210 /* Pods-MyFridge.debug.xcconfig */ = {isa = PBXFileReference; includeInIndex = 1; lastKnownFileType = text.xcconfig; name = "Pods-MyFridge.debug.xcconfig"; path = "Target Support Files/Pods-MyFridge/Pods-MyFridge.debug.xcconfig"; sourceTree = "<group>"; };
		D5030218229AB9C50007F527 /* ProductTemplate.swift */ = {isa = PBXFileReference; lastKnownFileType = sourcecode.swift; path = ProductTemplate.swift; sourceTree = "<group>"; };
		D503021B229ABC1C0007F527 /* ProductsManager.swift */ = {isa = PBXFileReference; lastKnownFileType = sourcecode.swift; path = ProductsManager.swift; sourceTree = "<group>"; };
		D5030220229AEF510007F527 /* ScannerViewController.swift */ = {isa = PBXFileReference; lastKnownFileType = sourcecode.swift; path = ScannerViewController.swift; sourceTree = "<group>"; };
		D5030226229AF4640007F527 /* EAN13Generator.swift */ = {isa = PBXFileReference; fileEncoding = 4; lastKnownFileType = sourcecode.swift; path = EAN13Generator.swift; sourceTree = "<group>"; };
		D50568E62291A0BE009500E9 /* UIScrollView+Extensions.swift */ = {isa = PBXFileReference; lastKnownFileType = sourcecode.swift; path = "UIScrollView+Extensions.swift"; sourceTree = "<group>"; };
		D5117CDB2292D1E2009099C2 /* UIApplication+Extensions.swift */ = {isa = PBXFileReference; fileEncoding = 4; lastKnownFileType = sourcecode.swift; path = "UIApplication+Extensions.swift"; sourceTree = "<group>"; };
		D5117CF0229338C4009099C2 /* Router.swift */ = {isa = PBXFileReference; lastKnownFileType = sourcecode.swift; path = Router.swift; sourceTree = "<group>"; };
		D5117E0222934436009099C2 /* DatePickerViewController.swift */ = {isa = PBXFileReference; fileEncoding = 4; lastKnownFileType = sourcecode.swift; path = DatePickerViewController.swift; sourceTree = "<group>"; };
		D5117E06229344A5009099C2 /* UIAlertController+DatePicker.swift */ = {isa = PBXFileReference; fileEncoding = 4; lastKnownFileType = sourcecode.swift; path = "UIAlertController+DatePicker.swift"; sourceTree = "<group>"; };
		D5117E082293452F009099C2 /* UIView+DatePicker.swift */ = {isa = PBXFileReference; fileEncoding = 4; lastKnownFileType = sourcecode.swift; path = "UIView+DatePicker.swift"; sourceTree = "<group>"; };
		D5117E0A2293481E009099C2 /* Keyboard.swift */ = {isa = PBXFileReference; fileEncoding = 4; lastKnownFileType = sourcecode.swift; path = Keyboard.swift; sourceTree = "<group>"; };
		D526A126229AA55600C4DCA2 /* Date+Extensions.swift */ = {isa = PBXFileReference; lastKnownFileType = sourcecode.swift; path = "Date+Extensions.swift"; sourceTree = "<group>"; };
		D526A12A229AAA5F00C4DCA2 /* LabelWithActons.swift */ = {isa = PBXFileReference; fileEncoding = 4; lastKnownFileType = sourcecode.swift; path = LabelWithActons.swift; sourceTree = "<group>"; };
		D54744B92479C66000127B27 /* NotificationsManager.swift */ = {isa = PBXFileReference; lastKnownFileType = sourcecode.swift; path = NotificationsManager.swift; sourceTree = "<group>"; };
		D569458F22900EC800340161 /* TabBarController.swift */ = {isa = PBXFileReference; lastKnownFileType = sourcecode.swift; path = TabBarController.swift; sourceTree = "<group>"; };
		D569459222900F1D00340161 /* TabBar.swift */ = {isa = PBXFileReference; lastKnownFileType = sourcecode.swift; path = TabBar.swift; sourceTree = "<group>"; };
		D56945942290109300340161 /* String+Extensions.swift */ = {isa = PBXFileReference; fileEncoding = 4; lastKnownFileType = sourcecode.swift; path = "String+Extensions.swift"; sourceTree = "<group>"; };
		D569459A229013C500340161 /* ProductDetailsVC.swift */ = {isa = PBXFileReference; lastKnownFileType = sourcecode.swift; path = ProductDetailsVC.swift; sourceTree = "<group>"; };
		D569459C229013CF00340161 /* ProductDetailsVC.storyboard */ = {isa = PBXFileReference; lastKnownFileType = file.storyboard; path = ProductDetailsVC.storyboard; sourceTree = "<group>"; };
		D569459E2290146200340161 /* UIView+Extensions.swift */ = {isa = PBXFileReference; lastKnownFileType = sourcecode.swift; path = "UIView+Extensions.swift"; sourceTree = "<group>"; };
		D56945A0229025D800340161 /* UIColor+AppTheme.swift */ = {isa = PBXFileReference; lastKnownFileType = sourcecode.swift; path = "UIColor+AppTheme.swift"; sourceTree = "<group>"; };
		D56945A22290273000340161 /* UIColor+Extensions.swift */ = {isa = PBXFileReference; lastKnownFileType = sourcecode.swift; path = "UIColor+Extensions.swift"; sourceTree = "<group>"; };
		D56945A622902F6700340161 /* AddProductsVC.swift */ = {isa = PBXFileReference; lastKnownFileType = sourcecode.swift; path = AddProductsVC.swift; sourceTree = "<group>"; };
		D56945A822902F8900340161 /* AddProductsVC.storyboard */ = {isa = PBXFileReference; lastKnownFileType = file.storyboard; path = AddProductsVC.storyboard; sourceTree = "<group>"; };
		D56945AA229031C700340161 /* ButtonWithAnimate.swift */ = {isa = PBXFileReference; fileEncoding = 4; lastKnownFileType = sourcecode.swift; path = ButtonWithAnimate.swift; sourceTree = "<group>"; };
		D56945AC2290326B00340161 /* ColoredButton.swift */ = {isa = PBXFileReference; lastKnownFileType = sourcecode.swift; path = ColoredButton.swift; sourceTree = "<group>"; };
		D56945AF229037AB00340161 /* NewProductTableCell.swift */ = {isa = PBXFileReference; lastKnownFileType = sourcecode.swift; path = NewProductTableCell.swift; sourceTree = "<group>"; };
		D56945B1229037B500340161 /* NewProductTableCell.xib */ = {isa = PBXFileReference; lastKnownFileType = file.xib; path = NewProductTableCell.xib; sourceTree = "<group>"; };
		D56945B322903E4600340161 /* UITableView+Extensions.swift */ = {isa = PBXFileReference; lastKnownFileType = sourcecode.swift; name = "UITableView+Extensions.swift"; path = "MyFridge/Extension/UIKit/UITableView+Extensions.swift"; sourceTree = SOURCE_ROOT; };
		D5A14267228EA93E00DB3D53 /* MyFridge.app */ = {isa = PBXFileReference; explicitFileType = wrapper.application; includeInIndex = 0; path = MyFridge.app; sourceTree = BUILT_PRODUCTS_DIR; };
		D5A1426A228EA93E00DB3D53 /* AppDelegate.swift */ = {isa = PBXFileReference; lastKnownFileType = sourcecode.swift; path = AppDelegate.swift; sourceTree = "<group>"; };
		D5A1426C228EA93E00DB3D53 /* ViewController.swift */ = {isa = PBXFileReference; lastKnownFileType = sourcecode.swift; path = ViewController.swift; sourceTree = "<group>"; };
		D5A14271228EA93F00DB3D53 /* Assets.xcassets */ = {isa = PBXFileReference; lastKnownFileType = folder.assetcatalog; path = Assets.xcassets; sourceTree = "<group>"; };
		D5A14274228EA93F00DB3D53 /* Base */ = {isa = PBXFileReference; lastKnownFileType = file.storyboard; name = Base; path = Base.lproj/LaunchScreen.storyboard; sourceTree = "<group>"; };
		D5A14276228EA93F00DB3D53 /* Info.plist */ = {isa = PBXFileReference; lastKnownFileType = text.plist.xml; path = Info.plist; sourceTree = "<group>"; };
		D5A14282228EA99300DB3D53 /* ProductsVC.swift */ = {isa = PBXFileReference; lastKnownFileType = sourcecode.swift; path = ProductsVC.swift; sourceTree = "<group>"; };
		D5A14284228EA99A00DB3D53 /* ProductsVC.storyboard */ = {isa = PBXFileReference; lastKnownFileType = file.storyboard; path = ProductsVC.storyboard; sourceTree = "<group>"; };
		D5A14287228EA9CB00DB3D53 /* UIViewController+Extensions.swift */ = {isa = PBXFileReference; fileEncoding = 4; lastKnownFileType = sourcecode.swift; path = "UIViewController+Extensions.swift"; sourceTree = "<group>"; };
		D5A14289228EA9F700DB3D53 /* LaunchRouter.swift */ = {isa = PBXFileReference; fileEncoding = 4; lastKnownFileType = sourcecode.swift; path = LaunchRouter.swift; sourceTree = "<group>"; };
		D5A1428D228EAAF000DB3D53 /* BaseVC.swift */ = {isa = PBXFileReference; lastKnownFileType = sourcecode.swift; path = BaseVC.swift; sourceTree = "<group>"; };
		D5A14296228EACEA00DB3D53 /* ProductCollectionCell.swift */ = {isa = PBXFileReference; lastKnownFileType = sourcecode.swift; path = ProductCollectionCell.swift; sourceTree = "<group>"; };
		D5A14299228EAD0900DB3D53 /* Product.swift */ = {isa = PBXFileReference; lastKnownFileType = sourcecode.swift; path = Product.swift; sourceTree = "<group>"; };
		D5A1429B228EAD3D00DB3D53 /* ProductCollectionCell.xib */ = {isa = PBXFileReference; lastKnownFileType = file.xib; path = ProductCollectionCell.xib; sourceTree = "<group>"; };
		D5A1429F228EB10F00DB3D53 /* UICollectionView+Extensions.swift */ = {isa = PBXFileReference; lastKnownFileType = sourcecode.swift; path = "UICollectionView+Extensions.swift"; sourceTree = "<group>"; };
		D5CB80072479142F0010E28C /* GoogleService-Info.plist */ = {isa = PBXFileReference; fileEncoding = 4; lastKnownFileType = text.plist.xml; path = "GoogleService-Info.plist"; sourceTree = "<group>"; };
		D5CB8009247915280010E28C /* FirebaseStorage.swift */ = {isa = PBXFileReference; lastKnownFileType = sourcecode.swift; path = FirebaseStorage.swift; sourceTree = "<group>"; };
		D5CB800B24797D4F0010E28C /* GroupManager.swift */ = {isa = PBXFileReference; lastKnownFileType = sourcecode.swift; path = GroupManager.swift; sourceTree = "<group>"; };
		D5CB800E247989510010E28C /* FirebaseDatabase.swift */ = {isa = PBXFileReference; lastKnownFileType = sourcecode.swift; path = FirebaseDatabase.swift; sourceTree = "<group>"; };
		D5CB801624798C170010E28C /* APIRequesting.swift */ = {isa = PBXFileReference; fileEncoding = 4; lastKnownFileType = sourcecode.swift; path = APIRequesting.swift; sourceTree = "<group>"; };
		D5CB801724798C170010E28C /* ConnectionChecking.swift */ = {isa = PBXFileReference; fileEncoding = 4; lastKnownFileType = sourcecode.swift; path = ConnectionChecking.swift; sourceTree = "<group>"; };
		D5CB801824798C170010E28C /* API.swift */ = {isa = PBXFileReference; fileEncoding = 4; lastKnownFileType = sourcecode.swift; path = API.swift; sourceTree = "<group>"; };
		D5CB802824798C5B0010E28C /* Logger.swift */ = {isa = PBXFileReference; fileEncoding = 4; lastKnownFileType = sourcecode.swift; path = Logger.swift; sourceTree = "<group>"; };
		D5CB802A24798C940010E28C /* API+Products.swift */ = {isa = PBXFileReference; lastKnownFileType = sourcecode.swift; path = "API+Products.swift"; sourceTree = "<group>"; };
		D5CB802C2479A0140010E28C /* API+Templates.swift */ = {isa = PBXFileReference; lastKnownFileType = sourcecode.swift; path = "API+Templates.swift"; sourceTree = "<group>"; };
		D5CB802F2479AB0B0010E28C /* GroupVC.swift */ = {isa = PBXFileReference; lastKnownFileType = sourcecode.swift; path = GroupVC.swift; sourceTree = "<group>"; };
		D5CB80312479AB290010E28C /* GroupVC.storyboard */ = {isa = PBXFileReference; lastKnownFileType = file.storyboard; path = GroupVC.storyboard; sourceTree = "<group>"; };
		DBB357CCC24FCACBAABD8A53 /* Pods-MyFridge.release.xcconfig */ = {isa = PBXFileReference; includeInIndex = 1; lastKnownFileType = text.xcconfig; name = "Pods-MyFridge.release.xcconfig"; path = "Target Support Files/Pods-MyFridge/Pods-MyFridge.release.xcconfig"; sourceTree = "<group>"; };
/* End PBXFileReference section */

/* Begin PBXFrameworksBuildPhase section */
		D5A14264228EA93E00DB3D53 /* Frameworks */ = {
			isa = PBXFrameworksBuildPhase;
			buildActionMask = 2147483647;
			files = (
				D5CB800424784A590010E28C /* Pods_MyFridge.framework in Frameworks */,
			);
			runOnlyForDeploymentPostprocessing = 0;
		};
/* End PBXFrameworksBuildPhase section */

/* Begin PBXGroup section */
		78F3C53DD077734E0F922376 /* Frameworks */ = {
			isa = PBXGroup;
			children = (
				04FD6FF743C198B08CC1C4AB /* Pods_MyFridge.framework */,
			);
			name = Frameworks;
			sourceTree = "<group>";
		};
		8B7654DB0E9F359F82B02CBA /* Pods */ = {
			isa = PBXGroup;
			children = (
				7A07995CD6D1FC417F234210 /* Pods-MyFridge.debug.xcconfig */,
				DBB357CCC24FCACBAABD8A53 /* Pods-MyFridge.release.xcconfig */,
			);
			path = Pods;
			sourceTree = "<group>";
		};
		D503021A229ABBEE0007F527 /* Managers */ = {
			isa = PBXGroup;
			children = (
				D5CB800D247989420010E28C /* Firebase */,
				D503021B229ABC1C0007F527 /* ProductsManager.swift */,
				D5CB800B24797D4F0010E28C /* GroupManager.swift */,
				D54744B92479C66000127B27 /* NotificationsManager.swift */,
			);
			path = Managers;
			sourceTree = "<group>";
		};
		D503021F229AEF3B0007F527 /* BarocdeScanner */ = {
			isa = PBXGroup;
			children = (
				D5030220229AEF510007F527 /* ScannerViewController.swift */,
			);
			path = BarocdeScanner;
			sourceTree = "<group>";
		};
		D5030225229AF4520007F527 /* Support */ = {
			isa = PBXGroup;
			children = (
				D5030226229AF4640007F527 /* EAN13Generator.swift */,
			);
			path = Support;
			sourceTree = "<group>";
		};
		D5117E0122934428009099C2 /* DatePicker */ = {
			isa = PBXGroup;
			children = (
				D5117E082293452F009099C2 /* UIView+DatePicker.swift */,
				D5117E06229344A5009099C2 /* UIAlertController+DatePicker.swift */,
				D5117E0222934436009099C2 /* DatePickerViewController.swift */,
			);
			path = DatePicker;
			sourceTree = "<group>";
		};
		D569459122900F1000340161 /* TabBar */ = {
			isa = PBXGroup;
			children = (
				D569458F22900EC800340161 /* TabBarController.swift */,
				D569459222900F1D00340161 /* TabBar.swift */,
			);
			path = TabBar;
			sourceTree = "<group>";
		};
		D56945962290109A00340161 /* UIKit */ = {
			isa = PBXGroup;
			children = (
				D5A14287228EA9CB00DB3D53 /* UIViewController+Extensions.swift */,
				D569459E2290146200340161 /* UIView+Extensions.swift */,
				D5A1429F228EB10F00DB3D53 /* UICollectionView+Extensions.swift */,
				D56945B322903E4600340161 /* UITableView+Extensions.swift */,
				D56945A0229025D800340161 /* UIColor+AppTheme.swift */,
				D56945A22290273000340161 /* UIColor+Extensions.swift */,
				D50568E62291A0BE009500E9 /* UIScrollView+Extensions.swift */,
				D5117CDB2292D1E2009099C2 /* UIApplication+Extensions.swift */,
			);
			path = UIKit;
			sourceTree = "<group>";
		};
		D5694597229010A500340161 /* Foundation */ = {
			isa = PBXGroup;
			children = (
				D56945942290109300340161 /* String+Extensions.swift */,
				D526A126229AA55600C4DCA2 /* Date+Extensions.swift */,
			);
			path = Foundation;
			sourceTree = "<group>";
		};
		D56945982290139E00340161 /* ProductDetails */ = {
			isa = PBXGroup;
			children = (
				D5694599229013AE00340161 /* Controller */,
			);
			path = ProductDetails;
			sourceTree = "<group>";
		};
		D5694599229013AE00340161 /* Controller */ = {
			isa = PBXGroup;
			children = (
				D569459A229013C500340161 /* ProductDetailsVC.swift */,
				D569459C229013CF00340161 /* ProductDetailsVC.storyboard */,
			);
			path = Controller;
			sourceTree = "<group>";
		};
		D56945A422902F4900340161 /* AddProduct */ = {
			isa = PBXGroup;
			children = (
				D56945AE2290376C00340161 /* Cell */,
				D56945A522902F5300340161 /* Controller */,
			);
			path = AddProduct;
			sourceTree = "<group>";
		};
		D56945A522902F5300340161 /* Controller */ = {
			isa = PBXGroup;
			children = (
				D56945A622902F6700340161 /* AddProductsVC.swift */,
				D56945A822902F8900340161 /* AddProductsVC.storyboard */,
			);
			path = Controller;
			sourceTree = "<group>";
		};
		D56945AE2290376C00340161 /* Cell */ = {
			isa = PBXGroup;
			children = (
				D56945AF229037AB00340161 /* NewProductTableCell.swift */,
				D56945B1229037B500340161 /* NewProductTableCell.xib */,
			);
			path = Cell;
			sourceTree = "<group>";
		};
		D5A1425E228EA93E00DB3D53 = {
			isa = PBXGroup;
			children = (
				D5A14269228EA93E00DB3D53 /* MyFridge */,
				D5A14268228EA93E00DB3D53 /* Products */,
				8B7654DB0E9F359F82B02CBA /* Pods */,
				78F3C53DD077734E0F922376 /* Frameworks */,
			);
			sourceTree = "<group>";
		};
		D5A14268228EA93E00DB3D53 /* Products */ = {
			isa = PBXGroup;
			children = (
				D5A14267228EA93E00DB3D53 /* MyFridge.app */,
			);
			name = Products;
			sourceTree = "<group>";
		};
		D5A14269228EA93E00DB3D53 /* MyFridge */ = {
			isa = PBXGroup;
			children = (
				D5CB801024798C170010E28C /* Networking */,
				D5030225229AF4520007F527 /* Support */,
				D503021A229ABBEE0007F527 /* Managers */,
				D5117E0122934428009099C2 /* DatePicker */,
				D5A14298228EACFA00DB3D53 /* Models */,
				D5A1428C228EAADC00DB3D53 /* UIElements */,
				D5A1428B228EA9F900DB3D53 /* Routers */,
				D5A14286228EA9AA00DB3D53 /* Extension */,
				D5A14280228EA96D00DB3D53 /* Features */,
				D5A1426A228EA93E00DB3D53 /* AppDelegate.swift */,
				D5A1426C228EA93E00DB3D53 /* ViewController.swift */,
				D5A14271228EA93F00DB3D53 /* Assets.xcassets */,
				D5A14273228EA93F00DB3D53 /* LaunchScreen.storyboard */,
				D5A14276228EA93F00DB3D53 /* Info.plist */,
				D5CB80072479142F0010E28C /* GoogleService-Info.plist */,
			);
			path = MyFridge;
			sourceTree = "<group>";
		};
		D5A14280228EA96D00DB3D53 /* Features */ = {
			isa = PBXGroup;
			children = (
				D5CB802E2479AAE70010E28C /* GroupController */,
				D503021F229AEF3B0007F527 /* BarocdeScanner */,
				D56945A422902F4900340161 /* AddProduct */,
				D56945982290139E00340161 /* ProductDetails */,
				D5A14281228EA97500DB3D53 /* ProductsList */,
			);
			path = Features;
			sourceTree = "<group>";
		};
		D5A14281228EA97500DB3D53 /* ProductsList */ = {
			isa = PBXGroup;
			children = (
				D5A14290228EAB4900DB3D53 /* Cells */,
				D5A1428F228EAB2F00DB3D53 /* Controller */,
			);
			path = ProductsList;
			sourceTree = "<group>";
		};
		D5A14286228EA9AA00DB3D53 /* Extension */ = {
			isa = PBXGroup;
			children = (
				D5694597229010A500340161 /* Foundation */,
				D56945962290109A00340161 /* UIKit */,
			);
			path = Extension;
			sourceTree = "<group>";
		};
		D5A1428B228EA9F900DB3D53 /* Routers */ = {
			isa = PBXGroup;
			children = (
				D5A14289228EA9F700DB3D53 /* LaunchRouter.swift */,
				D5117CF0229338C4009099C2 /* Router.swift */,
			);
			path = Routers;
			sourceTree = "<group>";
		};
		D5A1428C228EAADC00DB3D53 /* UIElements */ = {
			isa = PBXGroup;
			children = (
				D526A12A229AAA5F00C4DCA2 /* LabelWithActons.swift */,
				D569459122900F1000340161 /* TabBar */,
				D5A1428D228EAAF000DB3D53 /* BaseVC.swift */,
				D56945AA229031C700340161 /* ButtonWithAnimate.swift */,
				D56945AC2290326B00340161 /* ColoredButton.swift */,
			);
			path = UIElements;
			sourceTree = "<group>";
		};
		D5A1428F228EAB2F00DB3D53 /* Controller */ = {
			isa = PBXGroup;
			children = (
				D5A14282228EA99300DB3D53 /* ProductsVC.swift */,
				D5A14284228EA99A00DB3D53 /* ProductsVC.storyboard */,
			);
			path = Controller;
			sourceTree = "<group>";
		};
		D5A14290228EAB4900DB3D53 /* Cells */ = {
			isa = PBXGroup;
			children = (
				D5A14291228EAB4E00DB3D53 /* ProductCell */,
			);
			path = Cells;
			sourceTree = "<group>";
		};
		D5A14291228EAB4E00DB3D53 /* ProductCell */ = {
			isa = PBXGroup;
			children = (
				D5A14296228EACEA00DB3D53 /* ProductCollectionCell.swift */,
				D5A1429B228EAD3D00DB3D53 /* ProductCollectionCell.xib */,
			);
			path = ProductCell;
			sourceTree = "<group>";
		};
		D5A14298228EACFA00DB3D53 /* Models */ = {
			isa = PBXGroup;
			children = (
				D5117E0A2293481E009099C2 /* Keyboard.swift */,
				D5A14299228EAD0900DB3D53 /* Product.swift */,
				D5030218229AB9C50007F527 /* ProductTemplate.swift */,
			);
			path = Models;
			sourceTree = "<group>";
		};
		D5CB800D247989420010E28C /* Firebase */ = {
			isa = PBXGroup;
			children = (
				D5CB8009247915280010E28C /* FirebaseStorage.swift */,
				D5CB800E247989510010E28C /* FirebaseDatabase.swift */,
			);
			path = Firebase;
			sourceTree = "<group>";
		};
		D5CB801024798C170010E28C /* Networking */ = {
			isa = PBXGroup;
			children = (
				D5CB802824798C5B0010E28C /* Logger.swift */,
				D5CB801124798C170010E28C /* Requests */,
				D5CB801624798C170010E28C /* APIRequesting.swift */,
				D5CB801724798C170010E28C /* ConnectionChecking.swift */,
				D5CB801824798C170010E28C /* API.swift */,
			);
			path = Networking;
			sourceTree = "<group>";
		};
		D5CB801124798C170010E28C /* Requests */ = {
			isa = PBXGroup;
			children = (
				D5CB802A24798C940010E28C /* API+Products.swift */,
				D5CB802C2479A0140010E28C /* API+Templates.swift */,
			);
			path = Requests;
			sourceTree = "<group>";
		};
		D5CB802E2479AAE70010E28C /* GroupController */ = {
			isa = PBXGroup;
			children = (
				D5CB802F2479AB0B0010E28C /* GroupVC.swift */,
				D5CB80312479AB290010E28C /* GroupVC.storyboard */,
			);
			path = GroupController;
			sourceTree = "<group>";
		};
/* End PBXGroup section */

/* Begin PBXNativeTarget section */
		D5A14266228EA93E00DB3D53 /* MyFridge */ = {
			isa = PBXNativeTarget;
			buildConfigurationList = D5A14279228EA93F00DB3D53 /* Build configuration list for PBXNativeTarget "MyFridge" */;
			buildPhases = (
				E22333EC975D57BD0C0BFD47 /* [CP] Check Pods Manifest.lock */,
				D5A14263228EA93E00DB3D53 /* Sources */,
				D5A14264228EA93E00DB3D53 /* Frameworks */,
				D5A14265228EA93E00DB3D53 /* Resources */,
				E8F6BBDD1B64D9E2C5F2940B /* [CP] Embed Pods Frameworks */,
				D5CB800624784A590010E28C /* Embed Frameworks */,
			);
			buildRules = (
			);
			dependencies = (
			);
			name = MyFridge;
			productName = MyFridge;
			productReference = D5A14267228EA93E00DB3D53 /* MyFridge.app */;
			productType = "com.apple.product-type.application";
		};
/* End PBXNativeTarget section */

/* Begin PBXProject section */
		D5A1425F228EA93E00DB3D53 /* Project object */ = {
			isa = PBXProject;
			attributes = {
				LastSwiftUpdateCheck = 1020;
				LastUpgradeCheck = 1020;
				ORGANIZATIONNAME = "Maxim Vitovitsky";
				TargetAttributes = {
					D5A14266228EA93E00DB3D53 = {
						CreatedOnToolsVersion = 10.2;
					};
				};
			};
			buildConfigurationList = D5A14262228EA93E00DB3D53 /* Build configuration list for PBXProject "MyFridge" */;
			compatibilityVersion = "Xcode 9.3";
			developmentRegion = en;
			hasScannedForEncodings = 0;
			knownRegions = (
				en,
				Base,
			);
			mainGroup = D5A1425E228EA93E00DB3D53;
			productRefGroup = D5A14268228EA93E00DB3D53 /* Products */;
			projectDirPath = "";
			projectRoot = "";
			targets = (
				D5A14266228EA93E00DB3D53 /* MyFridge */,
			);
		};
/* End PBXProject section */

/* Begin PBXResourcesBuildPhase section */
		D5A14265228EA93E00DB3D53 /* Resources */ = {
			isa = PBXResourcesBuildPhase;
			buildActionMask = 2147483647;
			files = (
				D56945B2229037B500340161 /* NewProductTableCell.xib in Resources */,
				D5CB80082479142F0010E28C /* GoogleService-Info.plist in Resources */,
				D5A14275228EA93F00DB3D53 /* LaunchScreen.storyboard in Resources */,
				D5CB80322479AB290010E28C /* GroupVC.storyboard in Resources */,
				D569459D229013CF00340161 /* ProductDetailsVC.storyboard in Resources */,
				D5A14285228EA99A00DB3D53 /* ProductsVC.storyboard in Resources */,
				D5A14272228EA93F00DB3D53 /* Assets.xcassets in Resources */,
				D56945A922902F8900340161 /* AddProductsVC.storyboard in Resources */,
				D5A1429C228EAD3D00DB3D53 /* ProductCollectionCell.xib in Resources */,
			);
			runOnlyForDeploymentPostprocessing = 0;
		};
/* End PBXResourcesBuildPhase section */

/* Begin PBXShellScriptBuildPhase section */
		E22333EC975D57BD0C0BFD47 /* [CP] Check Pods Manifest.lock */ = {
			isa = PBXShellScriptBuildPhase;
			buildActionMask = 2147483647;
			files = (
			);
			inputFileListPaths = (
			);
			inputPaths = (
				"${PODS_PODFILE_DIR_PATH}/Podfile.lock",
				"${PODS_ROOT}/Manifest.lock",
			);
			name = "[CP] Check Pods Manifest.lock";
			outputFileListPaths = (
			);
			outputPaths = (
				"$(DERIVED_FILE_DIR)/Pods-MyFridge-checkManifestLockResult.txt",
			);
			runOnlyForDeploymentPostprocessing = 0;
			shellPath = /bin/sh;
			shellScript = "diff \"${PODS_PODFILE_DIR_PATH}/Podfile.lock\" \"${PODS_ROOT}/Manifest.lock\" > /dev/null\nif [ $? != 0 ] ; then\n    # print error to STDERR\n    echo \"error: The sandbox is not in sync with the Podfile.lock. Run 'pod install' or update your CocoaPods installation.\" >&2\n    exit 1\nfi\n# This output is used by Xcode 'outputs' to avoid re-running this script phase.\necho \"SUCCESS\" > \"${SCRIPT_OUTPUT_FILE_0}\"\n";
			showEnvVarsInLog = 0;
		};
		E8F6BBDD1B64D9E2C5F2940B /* [CP] Embed Pods Frameworks */ = {
			isa = PBXShellScriptBuildPhase;
			buildActionMask = 2147483647;
			files = (
			);
			inputFileListPaths = (
				"${PODS_ROOT}/Target Support Files/Pods-MyFridge/Pods-MyFridge-frameworks-${CONFIGURATION}-input-files.xcfilelist",
			);
			name = "[CP] Embed Pods Frameworks";
			outputFileListPaths = (
				"${PODS_ROOT}/Target Support Files/Pods-MyFridge/Pods-MyFridge-frameworks-${CONFIGURATION}-output-files.xcfilelist",
			);
			runOnlyForDeploymentPostprocessing = 0;
			shellPath = /bin/sh;
			shellScript = "\"${PODS_ROOT}/Target Support Files/Pods-MyFridge/Pods-MyFridge-frameworks.sh\"\n";
			showEnvVarsInLog = 0;
		};
/* End PBXShellScriptBuildPhase section */

/* Begin PBXSourcesBuildPhase section */
		D5A14263228EA93E00DB3D53 /* Sources */ = {
			isa = PBXSourcesBuildPhase;
			buildActionMask = 2147483647;
			files = (
				D5A14288228EA9CB00DB3D53 /* UIViewController+Extensions.swift in Sources */,
				D503021C229ABC1C0007F527 /* ProductsManager.swift in Sources */,
				D56945B0229037AB00340161 /* NewProductTableCell.swift in Sources */,
				D5117CF1229338C5009099C2 /* Router.swift in Sources */,
				D56945952290109300340161 /* String+Extensions.swift in Sources */,
				D5A1429A228EAD0900DB3D53 /* Product.swift in Sources */,
				D56945AB229031C700340161 /* ButtonWithAnimate.swift in Sources */,
				D5117E07229344A6009099C2 /* UIAlertController+DatePicker.swift in Sources */,
				D5A142A0228EB10F00DB3D53 /* UICollectionView+Extensions.swift in Sources */,
				D569459322900F1D00340161 /* TabBar.swift in Sources */,
				D54744B82479BD0F00127B27 /* GroupVC.swift in Sources */,
				D56945B422903E4600340161 /* UITableView+Extensions.swift in Sources */,
				D5A1428E228EAAF000DB3D53 /* BaseVC.swift in Sources */,
				D5A14297228EACEA00DB3D53 /* ProductCollectionCell.swift in Sources */,
				D5A1426D228EA93E00DB3D53 /* ViewController.swift in Sources */,
				D5030219229AB9C50007F527 /* ProductTemplate.swift in Sources */,
				D56945AD2290326B00340161 /* ColoredButton.swift in Sources */,
				D5CB802B24798C940010E28C /* API+Products.swift in Sources */,
				D5A1428A228EA9F700DB3D53 /* LaunchRouter.swift in Sources */,
				D5117E0322934436009099C2 /* DatePickerViewController.swift in Sources */,
				D5CB800F247989520010E28C /* FirebaseDatabase.swift in Sources */,
				D5A1426B228EA93E00DB3D53 /* AppDelegate.swift in Sources */,
				D5117CDC2292D1E3009099C2 /* UIApplication+Extensions.swift in Sources */,
				D54744BA2479C66000127B27 /* NotificationsManager.swift in Sources */,
				D5117E092293452F009099C2 /* UIView+DatePicker.swift in Sources */,
				D5CB802424798C170010E28C /* API.swift in Sources */,
				D569459022900EC800340161 /* TabBarController.swift in Sources */,
				D526A12B229AAA6000C4DCA2 /* LabelWithActons.swift in Sources */,
				D50568E72291A0BE009500E9 /* UIScrollView+Extensions.swift in Sources */,
				D5117E0B2293481E009099C2 /* Keyboard.swift in Sources */,
				D526A127229AA55600C4DCA2 /* Date+Extensions.swift in Sources */,
				D5030221229AEF510007F527 /* ScannerViewController.swift in Sources */,
				D5CB802D2479A0140010E28C /* API+Templates.swift in Sources */,
				D5CB802224798C170010E28C /* APIRequesting.swift in Sources */,
				D5CB800A247915280010E28C /* FirebaseStorage.swift in Sources */,
				D569459F2290146200340161 /* UIView+Extensions.swift in Sources */,
				D5CB800C24797D4F0010E28C /* GroupManager.swift in Sources */,
				D5030227229AF4640007F527 /* EAN13Generator.swift in Sources */,
				D56945A722902F6700340161 /* AddProductsVC.swift in Sources */,
				D56945A1229025D800340161 /* UIColor+AppTheme.swift in Sources */,
				D5A14283228EA99300DB3D53 /* ProductsVC.swift in Sources */,
				D5CB802924798C5C0010E28C /* Logger.swift in Sources */,
				D56945A32290273000340161 /* UIColor+Extensions.swift in Sources */,
				D569459B229013C500340161 /* ProductDetailsVC.swift in Sources */,
				D5CB802324798C170010E28C /* ConnectionChecking.swift in Sources */,
			);
			runOnlyForDeploymentPostprocessing = 0;
		};
/* End PBXSourcesBuildPhase section */

/* Begin PBXVariantGroup section */
		D5A14273228EA93F00DB3D53 /* LaunchScreen.storyboard */ = {
			isa = PBXVariantGroup;
			children = (
				D5A14274228EA93F00DB3D53 /* Base */,
			);
			name = LaunchScreen.storyboard;
			sourceTree = "<group>";
		};
/* End PBXVariantGroup section */

/* Begin XCBuildConfiguration section */
		D5A14277228EA93F00DB3D53 /* Debug */ = {
			isa = XCBuildConfiguration;
			buildSettings = {
				ALWAYS_SEARCH_USER_PATHS = NO;
				CLANG_ANALYZER_NONNULL = YES;
				CLANG_ANALYZER_NUMBER_OBJECT_CONVERSION = YES_AGGRESSIVE;
				CLANG_CXX_LANGUAGE_STANDARD = "gnu++14";
				CLANG_CXX_LIBRARY = "libc++";
				CLANG_ENABLE_MODULES = YES;
				CLANG_ENABLE_OBJC_ARC = YES;
				CLANG_ENABLE_OBJC_WEAK = YES;
				CLANG_WARN_BLOCK_CAPTURE_AUTORELEASING = YES;
				CLANG_WARN_BOOL_CONVERSION = YES;
				CLANG_WARN_COMMA = YES;
				CLANG_WARN_CONSTANT_CONVERSION = YES;
				CLANG_WARN_DEPRECATED_OBJC_IMPLEMENTATIONS = YES;
				CLANG_WARN_DIRECT_OBJC_ISA_USAGE = YES_ERROR;
				CLANG_WARN_DOCUMENTATION_COMMENTS = YES;
				CLANG_WARN_EMPTY_BODY = YES;
				CLANG_WARN_ENUM_CONVERSION = YES;
				CLANG_WARN_INFINITE_RECURSION = YES;
				CLANG_WARN_INT_CONVERSION = YES;
				CLANG_WARN_NON_LITERAL_NULL_CONVERSION = YES;
				CLANG_WARN_OBJC_IMPLICIT_RETAIN_SELF = YES;
				CLANG_WARN_OBJC_LITERAL_CONVERSION = YES;
				CLANG_WARN_OBJC_ROOT_CLASS = YES_ERROR;
				CLANG_WARN_RANGE_LOOP_ANALYSIS = YES;
				CLANG_WARN_STRICT_PROTOTYPES = YES;
				CLANG_WARN_SUSPICIOUS_MOVE = YES;
				CLANG_WARN_UNGUARDED_AVAILABILITY = YES_AGGRESSIVE;
				CLANG_WARN_UNREACHABLE_CODE = YES;
				CLANG_WARN__DUPLICATE_METHOD_MATCH = YES;
				CODE_SIGN_IDENTITY = "iPhone Developer";
				COPY_PHASE_STRIP = NO;
				DEBUG_INFORMATION_FORMAT = dwarf;
				ENABLE_STRICT_OBJC_MSGSEND = YES;
				ENABLE_TESTABILITY = YES;
				GCC_C_LANGUAGE_STANDARD = gnu11;
				GCC_DYNAMIC_NO_PIC = NO;
				GCC_NO_COMMON_BLOCKS = YES;
				GCC_OPTIMIZATION_LEVEL = 0;
				GCC_PREPROCESSOR_DEFINITIONS = (
					"DEBUG=1",
					"$(inherited)",
				);
				GCC_WARN_64_TO_32_BIT_CONVERSION = YES;
				GCC_WARN_ABOUT_RETURN_TYPE = YES_ERROR;
				GCC_WARN_UNDECLARED_SELECTOR = YES;
				GCC_WARN_UNINITIALIZED_AUTOS = YES_AGGRESSIVE;
				GCC_WARN_UNUSED_FUNCTION = YES;
				GCC_WARN_UNUSED_VARIABLE = YES;
				IPHONEOS_DEPLOYMENT_TARGET = 12.2;
				MTL_ENABLE_DEBUG_INFO = INCLUDE_SOURCE;
				MTL_FAST_MATH = YES;
				ONLY_ACTIVE_ARCH = YES;
				SDKROOT = iphoneos;
				SWIFT_ACTIVE_COMPILATION_CONDITIONS = DEBUG;
				SWIFT_OPTIMIZATION_LEVEL = "-Onone";
			};
			name = Debug;
		};
		D5A14278228EA93F00DB3D53 /* Release */ = {
			isa = XCBuildConfiguration;
			buildSettings = {
				ALWAYS_SEARCH_USER_PATHS = NO;
				CLANG_ANALYZER_NONNULL = YES;
				CLANG_ANALYZER_NUMBER_OBJECT_CONVERSION = YES_AGGRESSIVE;
				CLANG_CXX_LANGUAGE_STANDARD = "gnu++14";
				CLANG_CXX_LIBRARY = "libc++";
				CLANG_ENABLE_MODULES = YES;
				CLANG_ENABLE_OBJC_ARC = YES;
				CLANG_ENABLE_OBJC_WEAK = YES;
				CLANG_WARN_BLOCK_CAPTURE_AUTORELEASING = YES;
				CLANG_WARN_BOOL_CONVERSION = YES;
				CLANG_WARN_COMMA = YES;
				CLANG_WARN_CONSTANT_CONVERSION = YES;
				CLANG_WARN_DEPRECATED_OBJC_IMPLEMENTATIONS = YES;
				CLANG_WARN_DIRECT_OBJC_ISA_USAGE = YES_ERROR;
				CLANG_WARN_DOCUMENTATION_COMMENTS = YES;
				CLANG_WARN_EMPTY_BODY = YES;
				CLANG_WARN_ENUM_CONVERSION = YES;
				CLANG_WARN_INFINITE_RECURSION = YES;
				CLANG_WARN_INT_CONVERSION = YES;
				CLANG_WARN_NON_LITERAL_NULL_CONVERSION = YES;
				CLANG_WARN_OBJC_IMPLICIT_RETAIN_SELF = YES;
				CLANG_WARN_OBJC_LITERAL_CONVERSION = YES;
				CLANG_WARN_OBJC_ROOT_CLASS = YES_ERROR;
				CLANG_WARN_RANGE_LOOP_ANALYSIS = YES;
				CLANG_WARN_STRICT_PROTOTYPES = YES;
				CLANG_WARN_SUSPICIOUS_MOVE = YES;
				CLANG_WARN_UNGUARDED_AVAILABILITY = YES_AGGRESSIVE;
				CLANG_WARN_UNREACHABLE_CODE = YES;
				CLANG_WARN__DUPLICATE_METHOD_MATCH = YES;
				CODE_SIGN_IDENTITY = "iPhone Developer";
				COPY_PHASE_STRIP = NO;
				DEBUG_INFORMATION_FORMAT = "dwarf-with-dsym";
				ENABLE_NS_ASSERTIONS = NO;
				ENABLE_STRICT_OBJC_MSGSEND = YES;
				GCC_C_LANGUAGE_STANDARD = gnu11;
				GCC_NO_COMMON_BLOCKS = YES;
				GCC_WARN_64_TO_32_BIT_CONVERSION = YES;
				GCC_WARN_ABOUT_RETURN_TYPE = YES_ERROR;
				GCC_WARN_UNDECLARED_SELECTOR = YES;
				GCC_WARN_UNINITIALIZED_AUTOS = YES_AGGRESSIVE;
				GCC_WARN_UNUSED_FUNCTION = YES;
				GCC_WARN_UNUSED_VARIABLE = YES;
				IPHONEOS_DEPLOYMENT_TARGET = 12.2;
				MTL_ENABLE_DEBUG_INFO = NO;
				MTL_FAST_MATH = YES;
				SDKROOT = iphoneos;
				SWIFT_COMPILATION_MODE = wholemodule;
				SWIFT_OPTIMIZATION_LEVEL = "-O";
				VALIDATE_PRODUCT = YES;
			};
			name = Release;
		};
		D5A1427A228EA93F00DB3D53 /* Debug */ = {
			isa = XCBuildConfiguration;
			baseConfigurationReference = 7A07995CD6D1FC417F234210 /* Pods-MyFridge.debug.xcconfig */;
			buildSettings = {
				ASSETCATALOG_COMPILER_APPICON_NAME = AppIcon;
				CODE_SIGN_STYLE = Automatic;
				DEVELOPMENT_TEAM = 6FX8BJP23C;
				INFOPLIST_FILE = MyFridge/Info.plist;
				IPHONEOS_DEPLOYMENT_TARGET = 11.0;
				LD_RUNPATH_SEARCH_PATHS = (
					"$(inherited)",
					"@executable_path/Frameworks",
				);
				PRODUCT_BUNDLE_IDENTIFIER = ru.twincrop.MyFridge;
				PRODUCT_NAME = "$(TARGET_NAME)";
				SWIFT_VERSION = 5.0;
				TARGETED_DEVICE_FAMILY = 1;
			};
			name = Debug;
		};
		D5A1427B228EA93F00DB3D53 /* Release */ = {
			isa = XCBuildConfiguration;
			baseConfigurationReference = DBB357CCC24FCACBAABD8A53 /* Pods-MyFridge.release.xcconfig */;
			buildSettings = {
				ASSETCATALOG_COMPILER_APPICON_NAME = AppIcon;
				CODE_SIGN_STYLE = Automatic;
				DEVELOPMENT_TEAM = 6FX8BJP23C;
				INFOPLIST_FILE = MyFridge/Info.plist;
				IPHONEOS_DEPLOYMENT_TARGET = 11.0;
				LD_RUNPATH_SEARCH_PATHS = (
					"$(inherited)",
					"@executable_path/Frameworks",
				);
				PRODUCT_BUNDLE_IDENTIFIER = ru.twincrop.MyFridge;
				PRODUCT_NAME = "$(TARGET_NAME)";
				SWIFT_VERSION = 5.0;
				TARGETED_DEVICE_FAMILY = 1;
			};
			name = Release;
		};
/* End XCBuildConfiguration section */

/* Begin XCConfigurationList section */
		D5A14262228EA93E00DB3D53 /* Build configuration list for PBXProject "MyFridge" */ = {
			isa = XCConfigurationList;
			buildConfigurations = (
				D5A14277228EA93F00DB3D53 /* Debug */,
				D5A14278228EA93F00DB3D53 /* Release */,
			);
			defaultConfigurationIsVisible = 0;
			defaultConfigurationName = Release;
		};
		D5A14279228EA93F00DB3D53 /* Build configuration list for PBXNativeTarget "MyFridge" */ = {
			isa = XCConfigurationList;
			buildConfigurations = (
				D5A1427A228EA93F00DB3D53 /* Debug */,
				D5A1427B228EA93F00DB3D53 /* Release */,
			);
			defaultConfigurationIsVisible = 0;
			defaultConfigurationName = Release;
		};
/* End XCConfigurationList section */
	};
	rootObject = D5A1425F228EA93E00DB3D53 /* Project object */;
}
